
Microsoft Visual Studio Solution File, Format Version 12.00
# Visual Studio Version 16
VisualStudioVersion = 16.0.29806.167
MinimumVisualStudioVersion = 10.0.40219.1
Project("{FAE04EC0-301F-11D3-BF4B-00C04F79EFBC}") = "4_2", "4_2.csproj", "{79DF71AA-A05F-42BA-A70D-EFAAD8990912}"
EndProject
Global
	GlobalSection(SolutionConfigurationPlatforms) = preSolution
		Debug|Any CPU = Debug|Any CPU
		Release|Any CPU = Release|Any CPU
	EndGlobalSection
	GlobalSection(ProjectConfigurationPlatforms) = postSolution
		{79DF71AA-A05F-42BA-A70D-EFAAD8990912}.Debug|Any CPU.ActiveCfg = Debug|Any CPU
		{79DF71AA-A05F-42BA-A70D-EFAAD8990912}.Debug|Any CPU.Build.0 = Debug|Any CPU
		{79DF71AA-A05F-42BA-A70D-EFAAD8990912}.Release|Any CPU.ActiveCfg = Release|Any CPU
		{79DF71AA-A05F-42BA-A70D-EFAAD8990912}.Release|Any CPU.Build.0 = Release|Any CPU
	EndGlobalSection
	GlobalSection(SolutionProperties) = preSolution
		HideSolutionNode = FALSE
	EndGlobalSection
	GlobalSection(ExtensibilityGlobals) = postSolution
		SolutionGuid = {ABFE5069-DFF9-44E9-820B-F32E05E7F33C}
	EndGlobalSection
EndGlobal
